
Microsoft Visual Studio Solution File, Format Version 12.00
# Visual Studio Version 17
VisualStudioVersion = 17.11.35327.3
MinimumVisualStudioVersion = 10.0.40219.1
Project("{FAE04EC0-301F-11D3-BF4B-00C04F79EFBC}") = "knowledge_app", "knowledge_app.csproj", "{190F912C-EE3C-4528-BDE7-DC8F6B99BC26}"
EndProject
Global
	GlobalSection(SolutionConfigurationPlatforms) = preSolution
		Debug|Any CPU = Debug|Any CPU
		Release|Any CPU = Release|Any CPU
	EndGlobalSection
	GlobalSection(ProjectConfigurationPlatforms) = postSolution
		{190F912C-EE3C-4528-BDE7-DC8F6B99BC26}.Debug|Any CPU.ActiveCfg = Debug|Any CPU
		{190F912C-EE3C-4528-BDE7-DC8F6B99BC26}.Debug|Any CPU.Build.0 = Debug|Any CPU
		{190F912C-EE3C-4528-BDE7-DC8F6B99BC26}.Release|Any CPU.ActiveCfg = Release|Any CPU
		{190F912C-EE3C-4528-BDE7-DC8F6B99BC26}.Release|Any CPU.Build.0 = Release|Any CPU
	EndGlobalSection
	GlobalSection(SolutionProperties) = preSolution
		HideSolutionNode = FALSE
	EndGlobalSection
	GlobalSection(ExtensibilityGlobals) = postSolution
		SolutionGuid = {0164E17C-CCDF-411D-9BE0-9CED56C75660}
	EndGlobalSection
EndGlobal
