
Microsoft Visual Studio Solution File, Format Version 12.00
# Visual Studio Version 17
VisualStudioVersion = 17.11.35327.3
MinimumVisualStudioVersion = 10.0.40219.1
Project("{FAE04EC0-301F-11D3-BF4B-00C04F79EFBC}") = "KnowledgeApp.API", "KnowledgeApp.API\KnowledgeApp.API.csproj", "{5FDA4DA2-0A20-4E8E-8D8B-A41602983125}"
EndProject
Project("{FAE04EC0-301F-11D3-BF4B-00C04F79EFBC}") = "KnowledgeApp.Application", "KnowledgeApp.Application\KnowledgeApp.Application.csproj", "{D785191C-2170-4EC3-860E-C41E9082CBAB}"
EndProject
Project("{FAE04EC0-301F-11D3-BF4B-00C04F79EFBC}") = "KnowledgeApp.Core", "KnowledgeApp.Core\KnowledgeApp.Core.csproj", "{2E7DDC58-24F9-46A1-8C66-8A9B120FDD1B}"
EndProject
Project("{FAE04EC0-301F-11D3-BF4B-00C04F79EFBC}") = "KnowledgeApp.DataAccess", "KnowledgeApp.DataAccess\KnowledgeApp.DataAccess.csproj", "{AF05BDF1-D7D9-4CC4-9667-29478FA72A4E}"
EndProject
Global
	GlobalSection(SolutionConfigurationPlatforms) = preSolution
		Debug|Any CPU = Debug|Any CPU
		Release|Any CPU = Release|Any CPU
	EndGlobalSection
	GlobalSection(ProjectConfigurationPlatforms) = postSolution
		{5FDA4DA2-0A20-4E8E-8D8B-A41602983125}.Debug|Any CPU.ActiveCfg = Debug|Any CPU
		{5FDA4DA2-0A20-4E8E-8D8B-A41602983125}.Debug|Any CPU.Build.0 = Debug|Any CPU
		{5FDA4DA2-0A20-4E8E-8D8B-A41602983125}.Release|Any CPU.ActiveCfg = Release|Any CPU
		{5FDA4DA2-0A20-4E8E-8D8B-A41602983125}.Release|Any CPU.Build.0 = Release|Any CPU
		{D785191C-2170-4EC3-860E-C41E9082CBAB}.Debug|Any CPU.ActiveCfg = Debug|Any CPU
		{D785191C-2170-4EC3-860E-C41E9082CBAB}.Debug|Any CPU.Build.0 = Debug|Any CPU
		{D785191C-2170-4EC3-860E-C41E9082CBAB}.Release|Any CPU.ActiveCfg = Release|Any CPU
		{D785191C-2170-4EC3-860E-C41E9082CBAB}.Release|Any CPU.Build.0 = Release|Any CPU
		{2E7DDC58-24F9-46A1-8C66-8A9B120FDD1B}.Debug|Any CPU.ActiveCfg = Debug|Any CPU
		{2E7DDC58-24F9-46A1-8C66-8A9B120FDD1B}.Debug|Any CPU.Build.0 = Debug|Any CPU
		{2E7DDC58-24F9-46A1-8C66-8A9B120FDD1B}.Release|Any CPU.ActiveCfg = Release|Any CPU
		{2E7DDC58-24F9-46A1-8C66-8A9B120FDD1B}.Release|Any CPU.Build.0 = Release|Any CPU
		{AF05BDF1-D7D9-4CC4-9667-29478FA72A4E}.Debug|Any CPU.ActiveCfg = Debug|Any CPU
		{AF05BDF1-D7D9-4CC4-9667-29478FA72A4E}.Debug|Any CPU.Build.0 = Debug|Any CPU
		{AF05BDF1-D7D9-4CC4-9667-29478FA72A4E}.Release|Any CPU.ActiveCfg = Release|Any CPU
		{AF05BDF1-D7D9-4CC4-9667-29478FA72A4E}.Release|Any CPU.Build.0 = Release|Any CPU
	EndGlobalSection
	GlobalSection(SolutionProperties) = preSolution
		HideSolutionNode = FALSE
	EndGlobalSection
	GlobalSection(ExtensibilityGlobals) = postSolution
		SolutionGuid = {9AB0207D-1DB7-4FEB-8493-59D3950C29E0}
	EndGlobalSection
EndGlobal
